
Microsoft Visual Studio Solution File, Format Version 12.00
# Visual Studio Version 17
VisualStudioVersion = 17.11.35327.3
MinimumVisualStudioVersion = 10.0.40219.1
Project("{FAE04EC0-301F-11D3-BF4B-00C04F79EFBC}") = "BN-Prototivo_nov2024", "BN-Prototivo_nov2024\BN-Prototivo_nov2024.csproj", "{88A15D3E-6BAB-445A-9692-E70FFA546F3A}"
EndProject
Global
	GlobalSection(SolutionConfigurationPlatforms) = preSolution
		Debug|Any CPU = Debug|Any CPU
		Release|Any CPU = Release|Any CPU
	EndGlobalSection
	GlobalSection(ProjectConfigurationPlatforms) = postSolution
		{88A15D3E-6BAB-445A-9692-E70FFA546F3A}.Debug|Any CPU.ActiveCfg = Debug|Any CPU
		{88A15D3E-6BAB-445A-9692-E70FFA546F3A}.Debug|Any CPU.Build.0 = Debug|Any CPU
		{88A15D3E-6BAB-445A-9692-E70FFA546F3A}.Release|Any CPU.ActiveCfg = Release|Any CPU
		{88A15D3E-6BAB-445A-9692-E70FFA546F3A}.Release|Any CPU.Build.0 = Release|Any CPU
	EndGlobalSection
	GlobalSection(SolutionProperties) = preSolution
		HideSolutionNode = FALSE
	EndGlobalSection
	GlobalSection(ExtensibilityGlobals) = postSolution
		SolutionGuid = {87D520FD-F5BD-414C-ABEC-4099C955B447}
	EndGlobalSection
EndGlobal
